// !$*UTF8*$!
{
	archiveVersion = 1;
	classes = {
	};
	objectVersion = 48;
	objects = {

/* Begin PBXBuildFile section */
		C6632D0F74D60054A644E517 /* Pods_TrackingDemo.framework in Frameworks */ = {isa = PBXBuildFile; fileRef = CDA43FBF554B8675065E1FF2 /* Pods_TrackingDemo.framework */; };
		F4433A6B1FC402680062A378 /* AppDelegate.swift in Sources */ = {isa = PBXBuildFile; fileRef = F4433A6A1FC402680062A378 /* AppDelegate.swift */; };
		F4433A6D1FC402680062A378 /* ViewController.swift in Sources */ = {isa = PBXBuildFile; fileRef = F4433A6C1FC402680062A378 /* ViewController.swift */; };
		F4433A701FC402680062A378 /* Main.storyboard in Resources */ = {isa = PBXBuildFile; fileRef = F4433A6E1FC402680062A378 /* Main.storyboard */; };
		F4433A721FC402680062A378 /* Assets.xcassets in Resources */ = {isa = PBXBuildFile; fileRef = F4433A711FC402680062A378 /* Assets.xcassets */; };
		F4433A751FC402680062A378 /* LaunchScreen.storyboard in Resources */ = {isa = PBXBuildFile; fileRef = F4433A731FC402680062A378 /* LaunchScreen.storyboard */; };
		F48C0FCB1FC441E200D6F4BC /* TypeOneCell.swift in Sources */ = {isa = PBXBuildFile; fileRef = F48C0FCA1FC441E200D6F4BC /* TypeOneCell.swift */; };
		F48C0FCD1FC441F100D6F4BC /* TypeTwoCell.swift in Sources */ = {isa = PBXBuildFile; fileRef = F48C0FCC1FC441F100D6F4BC /* TypeTwoCell.swift */; };
		F48C0FCF1FC44F7600D6F4BC /* TypeOneCell.xib in Resources */ = {isa = PBXBuildFile; fileRef = F48C0FCE1FC44F7600D6F4BC /* TypeOneCell.xib */; };
		F48C0FD11FC450E200D6F4BC /* TypeTwoCell.xib in Resources */ = {isa = PBXBuildFile; fileRef = F48C0FD01FC450E200D6F4BC /* TypeTwoCell.xib */; };
		F48C0FD51FC45C8D00D6F4BC /* user1.png in Resources */ = {isa = PBXBuildFile; fileRef = F48C0FD31FC45B0E00D6F4BC /* user1.png */; };
		F48C0FD61FC45C8F00D6F4BC /* user2.png in Resources */ = {isa = PBXBuildFile; fileRef = F48C0FD41FC45B1700D6F4BC /* user2.png */; };
		F48C0FD71FC45C9200D6F4BC /* krati.jpg in Resources */ = {isa = PBXBuildFile; fileRef = F48C0FD21FC45A8D00D6F4BC /* krati.jpg */; };
		F48C0FDB1FC4600000D6F4BC /* ConnectionConsumer.swift in Sources */ = {isa = PBXBuildFile; fileRef = F48C0FDA1FC4600000D6F4BC /* ConnectionConsumer.swift */; };
/* End PBXBuildFile section */

/* Begin PBXFileReference section */
		709EE246FDE5ACD65271B0A0 /* Pods-TrackingDemo.debug.xcconfig */ = {isa = PBXFileReference; includeInIndex = 1; lastKnownFileType = text.xcconfig; name = "Pods-TrackingDemo.debug.xcconfig"; path = "Pods/Target Support Files/Pods-TrackingDemo/Pods-TrackingDemo.debug.xcconfig"; sourceTree = "<group>"; };
		AE7BBE4DE692D3BA603239EB /* Pods-TrackingDemo.release.xcconfig */ = {isa = PBXFileReference; includeInIndex = 1; lastKnownFileType = text.xcconfig; name = "Pods-TrackingDemo.release.xcconfig"; path = "Pods/Target Support Files/Pods-TrackingDemo/Pods-TrackingDemo.release.xcconfig"; sourceTree = "<group>"; };
		CDA43FBF554B8675065E1FF2 /* Pods_TrackingDemo.framework */ = {isa = PBXFileReference; explicitFileType = wrapper.framework; includeInIndex = 0; path = Pods_TrackingDemo.framework; sourceTree = BUILT_PRODUCTS_DIR; };
		F4433A671FC402680062A378 /* TrackingDemo.app */ = {isa = PBXFileReference; explicitFileType = wrapper.application; includeInIndex = 0; path = TrackingDemo.app; sourceTree = BUILT_PRODUCTS_DIR; };
		F4433A6A1FC402680062A378 /* AppDelegate.swift */ = {isa = PBXFileReference; lastKnownFileType = sourcecode.swift; path = AppDelegate.swift; sourceTree = "<group>"; };
		F4433A6C1FC402680062A378 /* ViewController.swift */ = {isa = PBXFileReference; lastKnownFileType = sourcecode.swift; path = ViewController.swift; sourceTree = "<group>"; };
		F4433A6F1FC402680062A378 /* Base */ = {isa = PBXFileReference; lastKnownFileType = file.storyboard; name = Base; path = Base.lproj/Main.storyboard; sourceTree = "<group>"; };
		F4433A711FC402680062A378 /* Assets.xcassets */ = {isa = PBXFileReference; lastKnownFileType = folder.assetcatalog; path = Assets.xcassets; sourceTree = "<group>"; };
		F4433A741FC402680062A378 /* Base */ = {isa = PBXFileReference; lastKnownFileType = file.storyboard; name = Base; path = Base.lproj/LaunchScreen.storyboard; sourceTree = "<group>"; };
		F4433A761FC402680062A378 /* Info.plist */ = {isa = PBXFileReference; lastKnownFileType = text.plist.xml; path = Info.plist; sourceTree = "<group>"; };
		F48C0FCA1FC441E200D6F4BC /* TypeOneCell.swift */ = {isa = PBXFileReference; lastKnownFileType = sourcecode.swift; path = TypeOneCell.swift; sourceTree = "<group>"; };
		F48C0FCC1FC441F100D6F4BC /* TypeTwoCell.swift */ = {isa = PBXFileReference; lastKnownFileType = sourcecode.swift; path = TypeTwoCell.swift; sourceTree = "<group>"; };
		F48C0FCE1FC44F7600D6F4BC /* TypeOneCell.xib */ = {isa = PBXFileReference; lastKnownFileType = file.xib; path = TypeOneCell.xib; sourceTree = "<group>"; };
		F48C0FD01FC450E200D6F4BC /* TypeTwoCell.xib */ = {isa = PBXFileReference; lastKnownFileType = file.xib; path = TypeTwoCell.xib; sourceTree = "<group>"; };
		F48C0FD21FC45A8D00D6F4BC /* krati.jpg */ = {isa = PBXFileReference; lastKnownFileType = image.jpeg; path = krati.jpg; sourceTree = "<group>"; };
		F48C0FD31FC45B0E00D6F4BC /* user1.png */ = {isa = PBXFileReference; lastKnownFileType = image.png; path = user1.png; sourceTree = "<group>"; };
		F48C0FD41FC45B1700D6F4BC /* user2.png */ = {isa = PBXFileReference; lastKnownFileType = image.png; path = user2.png; sourceTree = "<group>"; };
		F48C0FDA1FC4600000D6F4BC /* ConnectionConsumer.swift */ = {isa = PBXFileReference; lastKnownFileType = sourcecode.swift; path = ConnectionConsumer.swift; sourceTree = "<group>"; };
/* End PBXFileReference section */

/* Begin PBXFrameworksBuildPhase section */
		F4433A641FC402680062A378 /* Frameworks */ = {
			isa = PBXFrameworksBuildPhase;
			buildActionMask = 2147483647;
			files = (
				C6632D0F74D60054A644E517 /* Pods_TrackingDemo.framework in Frameworks */,
			);
			runOnlyForDeploymentPostprocessing = 0;
		};
/* End PBXFrameworksBuildPhase section */

/* Begin PBXGroup section */
		4233A34B71E41ECB93E9A9A2 /* Pods */ = {
			isa = PBXGroup;
			children = (
				709EE246FDE5ACD65271B0A0 /* Pods-TrackingDemo.debug.xcconfig */,
				AE7BBE4DE692D3BA603239EB /* Pods-TrackingDemo.release.xcconfig */,
			);
			name = Pods;
			sourceTree = "<group>";
		};
		8C8CF9608CB84CACA288CB81 /* Frameworks */ = {
			isa = PBXGroup;
			children = (
				CDA43FBF554B8675065E1FF2 /* Pods_TrackingDemo.framework */,
			);
			name = Frameworks;
			sourceTree = "<group>";
		};
		F4433A5E1FC402680062A378 = {
			isa = PBXGroup;
			children = (
				F4433A691FC402680062A378 /* TrackingDemo */,
				F4433A681FC402680062A378 /* Products */,
				4233A34B71E41ECB93E9A9A2 /* Pods */,
				8C8CF9608CB84CACA288CB81 /* Frameworks */,
			);
			sourceTree = "<group>";
		};
		F4433A681FC402680062A378 /* Products */ = {
			isa = PBXGroup;
			children = (
				F4433A671FC402680062A378 /* TrackingDemo.app */,
			);
			name = Products;
			sourceTree = "<group>";
		};
		F4433A691FC402680062A378 /* TrackingDemo */ = {
			isa = PBXGroup;
			children = (
				F48C0FD91FC45EEA00D6F4BC /* TrackingConsumers */,
				F48C0FD81FC45EDD00D6F4BC /* AppDelegate */,
				F48C0FC81FC4419600D6F4BC /* HomeView */,
				F4433A6E1FC402680062A378 /* Main.storyboard */,
				F4433A711FC402680062A378 /* Assets.xcassets */,
				F48C0FD31FC45B0E00D6F4BC /* user1.png */,
				F48C0FD41FC45B1700D6F4BC /* user2.png */,
				F48C0FD21FC45A8D00D6F4BC /* krati.jpg */,
				F4433A731FC402680062A378 /* LaunchScreen.storyboard */,
				F4433A761FC402680062A378 /* Info.plist */,
			);
			path = TrackingDemo;
			sourceTree = "<group>";
		};
		F48C0FC81FC4419600D6F4BC /* HomeView */ = {
			isa = PBXGroup;
			children = (
				F48C0FC91FC441AA00D6F4BC /* HomeTableViewCells */,
				F4433A6C1FC402680062A378 /* ViewController.swift */,
			);
			path = HomeView;
			sourceTree = "<group>";
		};
		F48C0FC91FC441AA00D6F4BC /* HomeTableViewCells */ = {
			isa = PBXGroup;
			children = (
				F48C0FCA1FC441E200D6F4BC /* TypeOneCell.swift */,
				F48C0FCE1FC44F7600D6F4BC /* TypeOneCell.xib */,
				F48C0FCC1FC441F100D6F4BC /* TypeTwoCell.swift */,
				F48C0FD01FC450E200D6F4BC /* TypeTwoCell.xib */,
			);
			path = HomeTableViewCells;
			sourceTree = "<group>";
		};
		F48C0FD81FC45EDD00D6F4BC /* AppDelegate */ = {
			isa = PBXGroup;
			children = (
				F4433A6A1FC402680062A378 /* AppDelegate.swift */,
			);
			path = AppDelegate;
			sourceTree = "<group>";
		};
		F48C0FD91FC45EEA00D6F4BC /* TrackingConsumers */ = {
			isa = PBXGroup;
			children = (
				F48C0FDA1FC4600000D6F4BC /* ConnectionConsumer.swift */,
			);
			path = TrackingConsumers;
			sourceTree = "<group>";
		};
/* End PBXGroup section */

/* Begin PBXNativeTarget section */
		F4433A661FC402680062A378 /* TrackingDemo */ = {
			isa = PBXNativeTarget;
			buildConfigurationList = F4433A791FC402680062A378 /* Build configuration list for PBXNativeTarget "TrackingDemo" */;
			buildPhases = (
				73F1AF0D8820D6F74C1E1BFD /* [CP] Check Pods Manifest.lock */,
				F4433A631FC402680062A378 /* Sources */,
				F4433A641FC402680062A378 /* Frameworks */,
				F4433A651FC402680062A378 /* Resources */,
				A9B9E139E74E511331C0748E /* [CP] Embed Pods Frameworks */,
				5010EB3AE3A77EB8C769DF6C /* [CP] Copy Pods Resources */,
			);
			buildRules = (
			);
			dependencies = (
			);
			name = TrackingDemo;
			productName = TrackingDemo;
			productReference = F4433A671FC402680062A378 /* TrackingDemo.app */;
			productType = "com.apple.product-type.application";
		};
/* End PBXNativeTarget section */

/* Begin PBXProject section */
		F4433A5F1FC402680062A378 /* Project object */ = {
			isa = PBXProject;
			attributes = {
				LastSwiftUpdateCheck = 0900;
				LastUpgradeCheck = 0900;
				ORGANIZATIONNAME = Flipkart;
				TargetAttributes = {
					F4433A661FC402680062A378 = {
						CreatedOnToolsVersion = 9.0;
						ProvisioningStyle = Automatic;
					};
				};
			};
			buildConfigurationList = F4433A621FC402680062A378 /* Build configuration list for PBXProject "TrackingDemo" */;
			compatibilityVersion = "Xcode 8.0";
			developmentRegion = en;
			hasScannedForEncodings = 0;
			knownRegions = (
				en,
				Base,
			);
			mainGroup = F4433A5E1FC402680062A378;
			productRefGroup = F4433A681FC402680062A378 /* Products */;
			projectDirPath = "";
			projectRoot = "";
			targets = (
				F4433A661FC402680062A378 /* TrackingDemo */,
			);
		};
/* End PBXProject section */

/* Begin PBXResourcesBuildPhase section */
		F4433A651FC402680062A378 /* Resources */ = {
			isa = PBXResourcesBuildPhase;
			buildActionMask = 2147483647;
			files = (
				F48C0FD51FC45C8D00D6F4BC /* user1.png in Resources */,
				F48C0FCF1FC44F7600D6F4BC /* TypeOneCell.xib in Resources */,
				F48C0FD11FC450E200D6F4BC /* TypeTwoCell.xib in Resources */,
				F48C0FD71FC45C9200D6F4BC /* krati.jpg in Resources */,
				F4433A751FC402680062A378 /* LaunchScreen.storyboard in Resources */,
				F48C0FD61FC45C8F00D6F4BC /* user2.png in Resources */,
				F4433A721FC402680062A378 /* Assets.xcassets in Resources */,
				F4433A701FC402680062A378 /* Main.storyboard in Resources */,
			);
			runOnlyForDeploymentPostprocessing = 0;
		};
/* End PBXResourcesBuildPhase section */

/* Begin PBXShellScriptBuildPhase section */
		5010EB3AE3A77EB8C769DF6C /* [CP] Copy Pods Resources */ = {
			isa = PBXShellScriptBuildPhase;
			buildActionMask = 2147483647;
			files = (
			);
			inputPaths = (
			);
			name = "[CP] Copy Pods Resources";
			outputPaths = (
			);
			runOnlyForDeploymentPostprocessing = 0;
			shellPath = /bin/sh;
			shellScript = "\"${SRCROOT}/Pods/Target Support Files/Pods-TrackingDemo/Pods-TrackingDemo-resources.sh\"\n";
			showEnvVarsInLog = 0;
		};
		73F1AF0D8820D6F74C1E1BFD /* [CP] Check Pods Manifest.lock */ = {
			isa = PBXShellScriptBuildPhase;
			buildActionMask = 2147483647;
			files = (
			);
			inputPaths = (
			);
			name = "[CP] Check Pods Manifest.lock";
			outputPaths = (
			);
			runOnlyForDeploymentPostprocessing = 0;
			shellPath = /bin/sh;
			shellScript = "diff \"${PODS_PODFILE_DIR_PATH}/Podfile.lock\" \"${PODS_ROOT}/Manifest.lock\" > /dev/null\nif [ $? != 0 ] ; then\n    # print error to STDERR\n    echo \"error: The sandbox is not in sync with the Podfile.lock. Run 'pod install' or update your CocoaPods installation.\" >&2\n    exit 1\nfi\n";
			showEnvVarsInLog = 0;
		};
		A9B9E139E74E511331C0748E /* [CP] Embed Pods Frameworks */ = {
			isa = PBXShellScriptBuildPhase;
			buildActionMask = 2147483647;
			files = (
			);
			inputPaths = (
			);
			name = "[CP] Embed Pods Frameworks";
			outputPaths = (
			);
			runOnlyForDeploymentPostprocessing = 0;
			shellPath = /bin/sh;
			shellScript = "\"${SRCROOT}/Pods/Target Support Files/Pods-TrackingDemo/Pods-TrackingDemo-frameworks.sh\"\n";
			showEnvVarsInLog = 0;
		};
/* End PBXShellScriptBuildPhase section */

/* Begin PBXSourcesBuildPhase section */
		F4433A631FC402680062A378 /* Sources */ = {
			isa = PBXSourcesBuildPhase;
			buildActionMask = 2147483647;
			files = (
				F48C0FCD1FC441F100D6F4BC /* TypeTwoCell.swift in Sources */,
				F48C0FCB1FC441E200D6F4BC /* TypeOneCell.swift in Sources */,
				F4433A6D1FC402680062A378 /* ViewController.swift in Sources */,
				F48C0FDB1FC4600000D6F4BC /* ConnectionConsumer.swift in Sources */,
				F4433A6B1FC402680062A378 /* AppDelegate.swift in Sources */,
			);
			runOnlyForDeploymentPostprocessing = 0;
		};
/* End PBXSourcesBuildPhase section */

/* Begin PBXVariantGroup section */
		F4433A6E1FC402680062A378 /* Main.storyboard */ = {
			isa = PBXVariantGroup;
			children = (
				F4433A6F1FC402680062A378 /* Base */,
			);
			name = Main.storyboard;
			sourceTree = "<group>";
		};
		F4433A731FC402680062A378 /* LaunchScreen.storyboard */ = {
			isa = PBXVariantGroup;
			children = (
				F4433A741FC402680062A378 /* Base */,
			);
			name = LaunchScreen.storyboard;
			sourceTree = "<group>";
		};
/* End PBXVariantGroup section */

/* Begin XCBuildConfiguration section */
		F4433A771FC402680062A378 /* Debug */ = {
			isa = XCBuildConfiguration;
			buildSettings = {
				ALWAYS_SEARCH_USER_PATHS = NO;
				CLANG_ANALYZER_NONNULL = YES;
				CLANG_ANALYZER_NUMBER_OBJECT_CONVERSION = YES_AGGRESSIVE;
				CLANG_CXX_LANGUAGE_STANDARD = "gnu++14";
				CLANG_CXX_LIBRARY = "libc++";
				CLANG_ENABLE_MODULES = YES;
				CLANG_ENABLE_OBJC_ARC = YES;
				CLANG_WARN_BLOCK_CAPTURE_AUTORELEASING = YES;
				CLANG_WARN_BOOL_CONVERSION = YES;
				CLANG_WARN_COMMA = YES;
				CLANG_WARN_CONSTANT_CONVERSION = YES;
				CLANG_WARN_DIRECT_OBJC_ISA_USAGE = YES_ERROR;
				CLANG_WARN_DOCUMENTATION_COMMENTS = YES;
				CLANG_WARN_EMPTY_BODY = YES;
				CLANG_WARN_ENUM_CONVERSION = YES;
				CLANG_WARN_INFINITE_RECURSION = YES;
				CLANG_WARN_INT_CONVERSION = YES;
				CLANG_WARN_NON_LITERAL_NULL_CONVERSION = YES;
				CLANG_WARN_OBJC_LITERAL_CONVERSION = YES;
				CLANG_WARN_OBJC_ROOT_CLASS = YES_ERROR;
				CLANG_WARN_RANGE_LOOP_ANALYSIS = YES;
				CLANG_WARN_STRICT_PROTOTYPES = YES;
				CLANG_WARN_SUSPICIOUS_MOVE = YES;
				CLANG_WARN_UNGUARDED_AVAILABILITY = YES_AGGRESSIVE;
				CLANG_WARN_UNREACHABLE_CODE = YES;
				CLANG_WARN__DUPLICATE_METHOD_MATCH = YES;
				CODE_SIGN_IDENTITY = "iPhone Developer";
				COPY_PHASE_STRIP = NO;
				DEBUG_INFORMATION_FORMAT = dwarf;
				ENABLE_STRICT_OBJC_MSGSEND = YES;
				ENABLE_TESTABILITY = YES;
				GCC_C_LANGUAGE_STANDARD = gnu11;
				GCC_DYNAMIC_NO_PIC = NO;
				GCC_NO_COMMON_BLOCKS = YES;
				GCC_OPTIMIZATION_LEVEL = 0;
				GCC_PREPROCESSOR_DEFINITIONS = (
					"DEBUG=1",
					"$(inherited)",
				);
				GCC_WARN_64_TO_32_BIT_CONVERSION = YES;
				GCC_WARN_ABOUT_RETURN_TYPE = YES_ERROR;
				GCC_WARN_UNDECLARED_SELECTOR = YES;
				GCC_WARN_UNINITIALIZED_AUTOS = YES_AGGRESSIVE;
				GCC_WARN_UNUSED_FUNCTION = YES;
				GCC_WARN_UNUSED_VARIABLE = YES;
				IPHONEOS_DEPLOYMENT_TARGET = 11.0;
				MTL_ENABLE_DEBUG_INFO = YES;
				ONLY_ACTIVE_ARCH = YES;
				SDKROOT = iphoneos;
				SWIFT_ACTIVE_COMPILATION_CONDITIONS = DEBUG;
				SWIFT_OPTIMIZATION_LEVEL = "-Onone";
			};
			name = Debug;
		};
		F4433A781FC402680062A378 /* Release */ = {
			isa = XCBuildConfiguration;
			buildSettings = {
				ALWAYS_SEARCH_USER_PATHS = NO;
				CLANG_ANALYZER_NONNULL = YES;
				CLANG_ANALYZER_NUMBER_OBJECT_CONVERSION = YES_AGGRESSIVE;
				CLANG_CXX_LANGUAGE_STANDARD = "gnu++14";
				CLANG_CXX_LIBRARY = "libc++";
				CLANG_ENABLE_MODULES = YES;
				CLANG_ENABLE_OBJC_ARC = YES;
				CLANG_WARN_BLOCK_CAPTURE_AUTORELEASING = YES;
				CLANG_WARN_BOOL_CONVERSION = YES;
				CLANG_WARN_COMMA = YES;
				CLANG_WARN_CONSTANT_CONVERSION = YES;
				CLANG_WARN_DIRECT_OBJC_ISA_USAGE = YES_ERROR;
				CLANG_WARN_DOCUMENTATION_COMMENTS = YES;
				CLANG_WARN_EMPTY_BODY = YES;
				CLANG_WARN_ENUM_CONVERSION = YES;
				CLANG_WARN_INFINITE_RECURSION = YES;
				CLANG_WARN_INT_CONVERSION = YES;
				CLANG_WARN_NON_LITERAL_NULL_CONVERSION = YES;
				CLANG_WARN_OBJC_LITERAL_CONVERSION = YES;
				CLANG_WARN_OBJC_ROOT_CLASS = YES_ERROR;
				CLANG_WARN_RANGE_LOOP_ANALYSIS = YES;
				CLANG_WARN_STRICT_PROTOTYPES = YES;
				CLANG_WARN_SUSPICIOUS_MOVE = YES;
				CLANG_WARN_UNGUARDED_AVAILABILITY = YES_AGGRESSIVE;
				CLANG_WARN_UNREACHABLE_CODE = YES;
				CLANG_WARN__DUPLICATE_METHOD_MATCH = YES;
				CODE_SIGN_IDENTITY = "iPhone Developer";
				COPY_PHASE_STRIP = NO;
				DEBUG_INFORMATION_FORMAT = "dwarf-with-dsym";
				ENABLE_NS_ASSERTIONS = NO;
				ENABLE_STRICT_OBJC_MSGSEND = YES;
				GCC_C_LANGUAGE_STANDARD = gnu11;
				GCC_NO_COMMON_BLOCKS = YES;
				GCC_WARN_64_TO_32_BIT_CONVERSION = YES;
				GCC_WARN_ABOUT_RETURN_TYPE = YES_ERROR;
				GCC_WARN_UNDECLARED_SELECTOR = YES;
				GCC_WARN_UNINITIALIZED_AUTOS = YES_AGGRESSIVE;
				GCC_WARN_UNUSED_FUNCTION = YES;
				GCC_WARN_UNUSED_VARIABLE = YES;
				IPHONEOS_DEPLOYMENT_TARGET = 11.0;
				MTL_ENABLE_DEBUG_INFO = NO;
				SDKROOT = iphoneos;
				SWIFT_OPTIMIZATION_LEVEL = "-Owholemodule";
				VALIDATE_PRODUCT = YES;
			};
			name = Release;
		};
		F4433A7A1FC402680062A378 /* Debug */ = {
			isa = XCBuildConfiguration;
			baseConfigurationReference = 709EE246FDE5ACD65271B0A0 /* Pods-TrackingDemo.debug.xcconfig */;
			buildSettings = {
				ASSETCATALOG_COMPILER_APPICON_NAME = AppIcon;
				CODE_SIGN_STYLE = Automatic;
				DEVELOPMENT_TEAM = 25JQ655X97;
				INFOPLIST_FILE = TrackingDemo/Info.plist;
				LD_RUNPATH_SEARCH_PATHS = "$(inherited) @executable_path/Frameworks";
				PRODUCT_BUNDLE_IDENTIFIER = com.flipkart.TrackingDemo;
				PRODUCT_NAME = "$(TARGET_NAME)";
				SWIFT_VERSION = 4.0;
				TARGETED_DEVICE_FAMILY = "1,2";
			};
			name = Debug;
		};
		F4433A7B1FC402680062A378 /* Release */ = {
			isa = XCBuildConfiguration;
			baseConfigurationReference = AE7BBE4DE692D3BA603239EB /* Pods-TrackingDemo.release.xcconfig */;
			buildSettings = {
				ASSETCATALOG_COMPILER_APPICON_NAME = AppIcon;
				CODE_SIGN_STYLE = Automatic;
				DEVELOPMENT_TEAM = 25JQ655X97;
				INFOPLIST_FILE = TrackingDemo/Info.plist;
				LD_RUNPATH_SEARCH_PATHS = "$(inherited) @executable_path/Frameworks";
				PRODUCT_BUNDLE_IDENTIFIER = com.flipkart.TrackingDemo;
				PRODUCT_NAME = "$(TARGET_NAME)";
				SWIFT_VERSION = 4.0;
				TARGETED_DEVICE_FAMILY = "1,2";
			};
			name = Release;
		};
/* End XCBuildConfiguration section */

/* Begin XCConfigurationList section */
		F4433A621FC402680062A378 /* Build configuration list for PBXProject "TrackingDemo" */ = {
			isa = XCConfigurationList;
			buildConfigurations = (
				F4433A771FC402680062A378 /* Debug */,
				F4433A781FC402680062A378 /* Release */,
			);
			defaultConfigurationIsVisible = 0;
			defaultConfigurationName = Release;
		};
		F4433A791FC402680062A378 /* Build configuration list for PBXNativeTarget "TrackingDemo" */ = {
			isa = XCConfigurationList;
			buildConfigurations = (
				F4433A7A1FC402680062A378 /* Debug */,
				F4433A7B1FC402680062A378 /* Release */,
			);
			defaultConfigurationIsVisible = 0;
			defaultConfigurationName = Release;
		};
/* End XCConfigurationList section */
	};
	rootObject = F4433A5F1FC402680062A378 /* Project object */;
}
